
Microsoft Visual Studio Solution File, Format Version 12.00
# Visual Studio Version 17
VisualStudioVersion = 17.6.33801.468
MinimumVisualStudioVersion = 10.0.40219.1
Project("{FAE04EC0-301F-11D3-BF4B-00C04F79EFBC}") = "Lab-Elitzur-Vaidman-Quantum-Bomb-Tester", "Lab-Elitzur-Vaidman-Quantum-Bomb-Tester.csproj", "{553F3904-3F28-442D-9D3E-0DFDD8CEE8DE}"
EndProject
Global
	GlobalSection(SolutionConfigurationPlatforms) = preSolution
		Debug|Any CPU = Debug|Any CPU
		Release|Any CPU = Release|Any CPU
	EndGlobalSection
	GlobalSection(ProjectConfigurationPlatforms) = postSolution
		{553F3904-3F28-442D-9D3E-0DFDD8CEE8DE}.Debug|Any CPU.ActiveCfg = Debug|Any CPU
		{553F3904-3F28-442D-9D3E-0DFDD8CEE8DE}.Debug|Any CPU.Build.0 = Debug|Any CPU
		{553F3904-3F28-442D-9D3E-0DFDD8CEE8DE}.Release|Any CPU.ActiveCfg = Release|Any CPU
		{553F3904-3F28-442D-9D3E-0DFDD8CEE8DE}.Release|Any CPU.Build.0 = Release|Any CPU
	EndGlobalSection
	GlobalSection(SolutionProperties) = preSolution
		HideSolutionNode = FALSE
	EndGlobalSection
	GlobalSection(ExtensibilityGlobals) = postSolution
		SolutionGuid = {7CF883C9-FB5C-4DA3-B130-614B68AE61E0}
	EndGlobalSection
EndGlobal
